{
  "version": 4,
  "terraform_version": "1.3.9",
  "serial": 174,
  "lineage": "52ef3ca8-9fa9-77b0-57e8-d7a492d3524d",
  "outputs": {},
  "resources": [
    {
      "module": "module.ec2",
      "mode": "managed",
      "type": "aws_instance",
      "name": "Bastion",
      "provider": "provider[\"registry.terraform.io/hashicorp/aws\"]",
      "instances": [
        {
          "schema_version": 1,
          "attributes": {
            "ami": "ami-08ca3fed11864d6bb",
            "arn": "arn:aws:ec2:eu-west-1:479263005543:instance/i-0586afcabaf8e9f68",
            "associate_public_ip_address": true,
            "availability_zone": "eu-west-1a",
            "capacity_reservation_specification": [
              {
                "capacity_reservation_preference": "open",
                "capacity_reservation_target": []
              }
            ],
            "cpu_core_count": 1,
            "cpu_threads_per_core": 1,
            "credit_specification": [
              {
                "cpu_credits": "standard"
              }
            ],
            "disable_api_stop": false,
            "disable_api_termination": false,
            "ebs_block_device": [],
            "ebs_optimized": false,
            "enclave_options": [
              {
                "enabled": false
              }
            ],
            "ephemeral_block_device": [],
            "get_password_data": false,
            "hibernation": false,
            "host_id": "",
            "host_resource_group_arn": null,
            "iam_instance_profile": "",
            "id": "i-0586afcabaf8e9f68",
            "instance_initiated_shutdown_behavior": "stop",
            "instance_state": "running",
            "instance_type": "t2.micro",
            "ipv6_address_count": 0,
            "ipv6_addresses": [],
            "key_name": "key",
            "launch_template": [],
            "maintenance_options": [
              {
                "auto_recovery": "default"
              }
            ],
            "metadata_options": [
              {
                "http_endpoint": "enabled",
                "http_put_response_hop_limit": 1,
                "http_tokens": "optional",
                "instance_metadata_tags": "disabled"
              }
            ],
            "monitoring": false,
            "network_interface": [],
            "outpost_arn": "",
            "password_data": "",
            "placement_group": "",
            "placement_partition_number": 0,
            "primary_network_interface_id": "eni-02360f487ebf3e3d9",
            "private_dns": "ip-10-0-1-92.eu-west-1.compute.internal",
            "private_dns_name_options": [
              {
                "enable_resource_name_dns_a_record": false,
                "enable_resource_name_dns_aaaa_record": false,
                "hostname_type": "ip-name"
              }
            ],
            "private_ip": "10.0.1.92",
            "public_dns": "ec2-54-74-80-183.eu-west-1.compute.amazonaws.com",
            "public_ip": "54.74.80.183",
            "root_block_device": [
              {
                "delete_on_termination": true,
                "device_name": "/dev/sda1",
                "encrypted": false,
                "iops": 100,
                "kms_key_id": "",
                "tags": {},
                "throughput": 0,
                "volume_id": "vol-0111740bc95924cfb",
                "volume_size": 8,
                "volume_type": "gp2"
              }
            ],
            "secondary_private_ips": [],
            "security_groups": [],
            "source_dest_check": true,
            "subnet_id": "subnet-00a95321bdc9e5570",
            "tags": {
              "Name": "Bastion"
            },
            "tags_all": {
              "Name": "Bastion"
            },
            "tenancy": "default",
            "timeouts": null,
            "user_data": null,
            "user_data_base64": null,
            "user_data_replace_on_change": false,
            "volume_tags": null,
            "vpc_security_group_ids": [
              "sg-0369fd88c93149db0"
            ]
          },
          "sensitive_attributes": [],
          "private": "eyJlMmJmYjczMC1lY2FhLTExZTYtOGY4OC0zNDM2M2JjN2M0YzAiOnsiY3JlYXRlIjo2MDAwMDAwMDAwMDAsImRlbGV0ZSI6MTIwMDAwMDAwMDAwMCwidXBkYXRlIjo2MDAwMDAwMDAwMDB9LCJzY2hlbWFfdmVyc2lvbiI6IjEifQ==",
          "dependencies": [
            "module.ec2.aws_key_pair.key_pair",
            "module.ec2.tls_private_key.key",
            "module.sg.aws_security_group.SG-Bastion",
            "module.vpc.aws_subnet.public",
            "module.vpc.aws_vpc.VPC"
          ]
        }
      ]
    },
    {
      "module": "module.ec2",
      "mode": "managed",
      "type": "aws_instance",
      "name": "Database",
      "provider": "provider[\"registry.terraform.io/hashicorp/aws\"]",
      "instances": [
        {
          "schema_version": 1,
          "attributes": {
            "ami": "ami-08ca3fed11864d6bb",
            "arn": "arn:aws:ec2:eu-west-1:479263005543:instance/i-0ba3c4989f82b9915",
            "associate_public_ip_address": false,
            "availability_zone": "eu-west-1a",
            "capacity_reservation_specification": [
              {
                "capacity_reservation_preference": "open",
                "capacity_reservation_target": []
              }
            ],
            "cpu_core_count": 1,
            "cpu_threads_per_core": 1,
            "credit_specification": [
              {
                "cpu_credits": "standard"
              }
            ],
            "disable_api_stop": false,
            "disable_api_termination": false,
            "ebs_block_device": [],
            "ebs_optimized": false,
            "enclave_options": [
              {
                "enabled": false
              }
            ],
            "ephemeral_block_device": [],
            "get_password_data": false,
            "hibernation": false,
            "host_id": "",
            "host_resource_group_arn": null,
            "iam_instance_profile": "",
            "id": "i-0ba3c4989f82b9915",
            "instance_initiated_shutdown_behavior": "stop",
            "instance_state": "running",
            "instance_type": "t2.micro",
            "ipv6_address_count": 0,
            "ipv6_addresses": [],
            "key_name": "key",
            "launch_template": [],
            "maintenance_options": [
              {
                "auto_recovery": "default"
              }
            ],
            "metadata_options": [
              {
                "http_endpoint": "enabled",
                "http_put_response_hop_limit": 1,
                "http_tokens": "optional",
                "instance_metadata_tags": "disabled"
              }
            ],
            "monitoring": false,
            "network_interface": [],
            "outpost_arn": "",
            "password_data": "",
            "placement_group": "",
            "placement_partition_number": 0,
            "primary_network_interface_id": "eni-0cc10c892caf7dd3a",
            "private_dns": "ip-10-0-3-7.eu-west-1.compute.internal",
            "private_dns_name_options": [
              {
                "enable_resource_name_dns_a_record": false,
                "enable_resource_name_dns_aaaa_record": false,
                "hostname_type": "ip-name"
              }
            ],
            "private_ip": "10.0.3.7",
            "public_dns": "",
            "public_ip": "",
            "root_block_device": [
              {
                "delete_on_termination": true,
                "device_name": "/dev/sda1",
                "encrypted": false,
                "iops": 100,
                "kms_key_id": "",
                "tags": {},
                "throughput": 0,
                "volume_id": "vol-05f5da0208950a060",
                "volume_size": 8,
                "volume_type": "gp2"
              }
            ],
            "secondary_private_ips": [],
            "security_groups": [],
            "source_dest_check": true,
            "subnet_id": "subnet-058e52a9c9b3c8fc2",
            "tags": {
              "Name": "Database"
            },
            "tags_all": {
              "Name": "Database"
            },
            "tenancy": "default",
            "timeouts": null,
            "user_data": null,
            "user_data_base64": null,
            "user_data_replace_on_change": false,
            "volume_tags": null,
            "vpc_security_group_ids": [
              "sg-04b46e6d2b040ef35"
            ]
          },
          "sensitive_attributes": [],
          "private": "eyJlMmJmYjczMC1lY2FhLTExZTYtOGY4OC0zNDM2M2JjN2M0YzAiOnsiY3JlYXRlIjo2MDAwMDAwMDAwMDAsImRlbGV0ZSI6MTIwMDAwMDAwMDAwMCwidXBkYXRlIjo2MDAwMDAwMDAwMDB9LCJzY2hlbWFfdmVyc2lvbiI6IjEifQ==",
          "dependencies": [
            "module.ec2.aws_key_pair.key_pair",
            "module.ec2.tls_private_key.key",
            "module.sg.aws_security_group.SG-Database",
            "module.vpc.aws_subnet.database",
            "module.vpc.aws_subnet.private",
            "module.vpc.aws_vpc.VPC"
          ]
        }
      ]
    },
    {
      "module": "module.ec2",
      "mode": "managed",
      "type": "aws_instance",
      "name": "Private-ec2",
      "provider": "provider[\"registry.terraform.io/hashicorp/aws\"]",
      "instances": [
        {
          "schema_version": 1,
          "attributes": {
            "ami": "ami-08ca3fed11864d6bb",
            "arn": "arn:aws:ec2:eu-west-1:479263005543:instance/i-0fd209db640bc1c76",
            "associate_public_ip_address": false,
            "availability_zone": "eu-west-1a",
            "capacity_reservation_specification": [
              {
                "capacity_reservation_preference": "open",
                "capacity_reservation_target": []
              }
            ],
            "cpu_core_count": 1,
            "cpu_threads_per_core": 1,
            "credit_specification": [
              {
                "cpu_credits": "standard"
              }
            ],
            "disable_api_stop": false,
            "disable_api_termination": false,
            "ebs_block_device": [],
            "ebs_optimized": false,
            "enclave_options": [
              {
                "enabled": false
              }
            ],
            "ephemeral_block_device": [],
            "get_password_data": false,
            "hibernation": false,
            "host_id": "",
            "host_resource_group_arn": null,
            "iam_instance_profile": "",
            "id": "i-0fd209db640bc1c76",
            "instance_initiated_shutdown_behavior": "stop",
            "instance_state": "running",
            "instance_type": "t2.micro",
            "ipv6_address_count": 0,
            "ipv6_addresses": [],
            "key_name": "key",
            "launch_template": [],
            "maintenance_options": [
              {
                "auto_recovery": "default"
              }
            ],
            "metadata_options": [
              {
                "http_endpoint": "enabled",
                "http_put_response_hop_limit": 1,
                "http_tokens": "optional",
                "instance_metadata_tags": "disabled"
              }
            ],
            "monitoring": false,
            "network_interface": [],
            "outpost_arn": "",
            "password_data": "",
            "placement_group": "",
            "placement_partition_number": 0,
            "primary_network_interface_id": "eni-0dcd39fa3d78ab0f8",
            "private_dns": "ip-10-0-2-13.eu-west-1.compute.internal",
            "private_dns_name_options": [
              {
                "enable_resource_name_dns_a_record": false,
                "enable_resource_name_dns_aaaa_record": false,
                "hostname_type": "ip-name"
              }
            ],
            "private_ip": "10.0.2.13",
            "public_dns": "",
            "public_ip": "",
            "root_block_device": [
              {
                "delete_on_termination": true,
                "device_name": "/dev/sda1",
                "encrypted": false,
                "iops": 100,
                "kms_key_id": "",
                "tags": {},
                "throughput": 0,
                "volume_id": "vol-0751ac017bd95d27d",
                "volume_size": 8,
                "volume_type": "gp2"
              }
            ],
            "secondary_private_ips": [],
            "security_groups": [],
            "source_dest_check": true,
            "subnet_id": "subnet-0a6cf612b5c17e2dc",
            "tags": {
              "Name": "Private-ec2"
            },
            "tags_all": {
              "Name": "Private-ec2"
            },
            "tenancy": "default",
            "timeouts": null,
            "user_data": null,
            "user_data_base64": null,
            "user_data_replace_on_change": false,
            "volume_tags": null,
            "vpc_security_group_ids": [
              "sg-08c5fdf7e2ab24b8d"
            ]
          },
          "sensitive_attributes": [],
          "private": "eyJlMmJmYjczMC1lY2FhLTExZTYtOGY4OC0zNDM2M2JjN2M0YzAiOnsiY3JlYXRlIjo2MDAwMDAwMDAwMDAsImRlbGV0ZSI6MTIwMDAwMDAwMDAwMCwidXBkYXRlIjo2MDAwMDAwMDAwMDB9LCJzY2hlbWFfdmVyc2lvbiI6IjEifQ==",
          "dependencies": [
            "module.ec2.aws_key_pair.key_pair",
            "module.ec2.tls_private_key.key",
            "module.sg.aws_security_group.SG-Private",
            "module.vpc.aws_subnet.private",
            "module.vpc.aws_vpc.VPC"
          ]
        }
      ]
    },
    {
      "module": "module.ec2",
      "mode": "managed",
      "type": "aws_instance",
      "name": "Public-ec2",
      "provider": "provider[\"registry.terraform.io/hashicorp/aws\"]",
      "instances": [
        {
          "schema_version": 1,
          "attributes": {
            "ami": "ami-08ca3fed11864d6bb",
            "arn": "arn:aws:ec2:eu-west-1:479263005543:instance/i-099ffd3670fdcfaf3",
            "associate_public_ip_address": true,
            "availability_zone": "eu-west-1a",
            "capacity_reservation_specification": [
              {
                "capacity_reservation_preference": "open",
                "capacity_reservation_target": []
              }
            ],
            "cpu_core_count": 1,
            "cpu_threads_per_core": 1,
            "credit_specification": [
              {
                "cpu_credits": "standard"
              }
            ],
            "disable_api_stop": false,
            "disable_api_termination": false,
            "ebs_block_device": [],
            "ebs_optimized": false,
            "enclave_options": [
              {
                "enabled": false
              }
            ],
            "ephemeral_block_device": [],
            "get_password_data": false,
            "hibernation": false,
            "host_id": "",
            "host_resource_group_arn": null,
            "iam_instance_profile": "",
            "id": "i-099ffd3670fdcfaf3",
            "instance_initiated_shutdown_behavior": "stop",
            "instance_state": "running",
            "instance_type": "t2.micro",
            "ipv6_address_count": 0,
            "ipv6_addresses": [],
            "key_name": "key",
            "launch_template": [],
            "maintenance_options": [
              {
                "auto_recovery": "default"
              }
            ],
            "metadata_options": [
              {
                "http_endpoint": "enabled",
                "http_put_response_hop_limit": 1,
                "http_tokens": "optional",
                "instance_metadata_tags": "disabled"
              }
            ],
            "monitoring": false,
            "network_interface": [],
            "outpost_arn": "",
            "password_data": "",
            "placement_group": "",
            "placement_partition_number": 0,
            "primary_network_interface_id": "eni-09c09546af0873f8a",
            "private_dns": "ip-10-0-1-93.eu-west-1.compute.internal",
            "private_dns_name_options": [
              {
                "enable_resource_name_dns_a_record": false,
                "enable_resource_name_dns_aaaa_record": false,
                "hostname_type": "ip-name"
              }
            ],
            "private_ip": "10.0.1.93",
            "public_dns": "ec2-3-253-41-174.eu-west-1.compute.amazonaws.com",
            "public_ip": "3.253.41.174",
            "root_block_device": [
              {
                "delete_on_termination": true,
                "device_name": "/dev/sda1",
                "encrypted": false,
                "iops": 100,
                "kms_key_id": "",
                "tags": {},
                "throughput": 0,
                "volume_id": "vol-0f68efb232b3b9335",
                "volume_size": 8,
                "volume_type": "gp2"
              }
            ],
            "secondary_private_ips": [],
            "security_groups": [],
            "source_dest_check": true,
            "subnet_id": "subnet-00a95321bdc9e5570",
            "tags": {
              "Name": "Public-ec2"
            },
            "tags_all": {
              "Name": "Public-ec2"
            },
            "tenancy": "default",
            "timeouts": null,
            "user_data": null,
            "user_data_base64": null,
            "user_data_replace_on_change": false,
            "volume_tags": null,
            "vpc_security_group_ids": [
              "sg-09bb4258156647e56"
            ]
          },
          "sensitive_attributes": [],
          "private": "eyJlMmJmYjczMC1lY2FhLTExZTYtOGY4OC0zNDM2M2JjN2M0YzAiOnsiY3JlYXRlIjo2MDAwMDAwMDAwMDAsImRlbGV0ZSI6MTIwMDAwMDAwMDAwMCwidXBkYXRlIjo2MDAwMDAwMDAwMDB9LCJzY2hlbWFfdmVyc2lvbiI6IjEifQ==",
          "dependencies": [
            "module.ec2.aws_key_pair.key_pair",
            "module.ec2.tls_private_key.key",
            "module.sg.aws_security_group.SG-Public",
            "module.vpc.aws_subnet.public",
            "module.vpc.aws_vpc.VPC"
          ]
        }
      ]
    },
    {
      "module": "module.ec2",
      "mode": "managed",
      "type": "aws_key_pair",
      "name": "key_pair",
      "provider": "provider[\"registry.terraform.io/hashicorp/aws\"]",
      "instances": [
        {
          "schema_version": 1,
          "attributes": {
            "arn": "arn:aws:ec2:eu-west-1:479263005543:key-pair/key",
            "fingerprint": "28:5c:97:a7:00:d2:a1:78:68:33:ae:fe:0c:aa:cf:f6",
            "id": "key",
            "key_name": "key",
            "key_name_prefix": "",
            "key_pair_id": "key-04c7000c45b55f462",
            "key_type": "rsa",
            "public_key": "ssh-rsa AAAAB3NzaC1yc2EAAAADAQABAAABAQDCIQcY2yr6tiLo2y1i/HRArQ5pKlruCItxWWFNU2dRS2ABR0v19CasjZG4NoVjjlDRQbphlMzIys/A7REyu3x3BEsRfJ786TXjclRxjPyEKfzMMwqWGz0aZekA2858fW4MOpvqayz6jKQem/It1meM2NsrSFe8bc2ot6kirCFOPeykha5chZjYV/tp92ljf6qougaScCTD/nojPZdR9vM9fg55L3LjID/s8ud4kQbx/KAJXVewGmShKj81pOcXTh6FXEseQS699ybmgSZtTH+32/pxtzJzphqk0AfmwQiSFzvJ1eEAj2JuHHMrd0i0ZSIwdzzxr38bRI+xA/dn7ozT",
            "tags": null,
            "tags_all": {}
          },
          "sensitive_attributes": [],
          "private": "eyJzY2hlbWFfdmVyc2lvbiI6IjEifQ==",
          "dependencies": [
            "module.ec2.tls_private_key.key"
          ]
        }
      ]
    },
    {
      "module": "module.ec2",
      "mode": "managed",
      "type": "local_file",
      "name": "private_key",
      "provider": "provider[\"registry.terraform.io/hashicorp/local\"]",
      "instances": [
        {
          "schema_version": 0,
          "attributes": {
            "content": null,
            "content_base64": null,
            "directory_permission": "0777",
            "file_permission": "0400",
            "filename": "key.pem",
            "id": "fe0d7d47881a297664c1f2351bbb17c25c652c3d",
            "sensitive_content": "-----BEGIN RSA PRIVATE KEY-----\nMIIEpQIBAAKCAQEAwiEHGNsq+rYi6NstYvx0QK0OaSpa7giLcVlhTVNnUUtgAUdL\n9fQmrI2RuDaFY45Q0UG6YZTMyMrPwO0RMrt8dwRLEXye/Ok143JUcYz8hCn8zDMK\nlhs9GmXpANvOfH1uDDqb6mss+oykHpvyLdZnjNjbK0hXvG3NqLepIqwhTj3spIWu\nXIWY2Ff7afdpY3+qqLoGknAkw/56Iz2XUfbzPX4OeS9y4yA/7PLneJEG8fygCV1X\nsBpkoSo/NaTnF04ehVxLHkEuvfcm5oEmbUx/t9v6cbcyc6YapNAH5sEIkhc7ydXh\nAI9ibhxzK3dItGUiMHc88a9/G0SPsQP3Z+6M0wIDAQABAoIBAQCw9qafk/sD/NCp\n8FLZb0USSC9g0sl9P7DNrSqz8Jm4U7u6rqGiHeS7W3pAsQK7lFo7x2z900UyrR7h\nwbnxw1Ncsz8zO6U66+TB59DuihUO7a+S/dxipYX38HqM29LJTRXqc+r5sKWZ6Gcb\nuBD2lAJlNLHmLNY94OKfMH0wLDVYOiYhD4TZ/MArht1LMHbWMCSTTu3818lvxhsa\na9icc8P2OQqzftJOji4QWcHqehiPHoWw+i+Jov90aEkZuml6WFm3f1WLSMf+e3O1\n8znBq4U+2yFSFDy6dpLmClZYj1WWtr7rUDo6ADVm7cmc21Hn2ixGBWcQjFxtOXiH\nxMZQNPFRAoGBAMhTd60b9e9vH6vxZOUVLKdQFc3Wlx1AQMNlw9vAcKCDXQUL/+QH\nrbx4nq1Z4UeI53vDwBRKimm+P+lAxpd1ySpYVF1MMpd17HAW6fyLRrtdT4S5m2l4\nfzrCS0JgV1nuvS0bxVYtiVsMqJzgy76+JHiQrf+UlkqQMynxKGQl9dz3AoGBAPgU\nqYCxZd90Eu6t2HvTxmYV8R3IEd/LLyC+FHaEZvIohG4L97cuv1exWXiJGAipyGjK\n7sFEjmyUvUAIr0xlkCVt7bDxoM9ZyNWSZTWRnJBmTivFOzv0pms1LDs5YHXEIZ2c\n/ObBdhy9w/LnntWqeYREEcGGUtGEOrlUQxO2RaQFAoGACdSOut/0YZuCYl2mJde0\nKUG00DUHlVfh1bTYt5/p5vaLSgQcuoPl8qm4n6kZdPky4s/oTRabVDURzdBv7l7J\nUFqlSS7EDMqsn5OAR/RNtEQP8uNozPQsyiVerBMuNiuQ/PWv6VqystUcMRaW6PVL\ntN7kqvYPqfkJibVb1g5G0mECgYEApSmccAGrQUmWETHMnyQvQmf5T0qUG9q6VaI3\nHXCo2TAAewOcuGh3G3sHhig/yATBWINC0YlDCSc9mBQwITy86y50wQkddu7fttDw\ncOmwwrJZ+OomtZP7+AQ+nm9kuQMLHlQWS8shR6FPg7iRFs+Yd2aaK62yFatjLV/c\nCJOhacECgYEAtbqn+FOIPWAwIPG6jcINjkjAM+568D3WhBSnfeTbB1bVQgROFp1A\nxRYM0oJ0YIayfCe2xlFyCMUafCDEaJllo9DgKEBTuzYf5nG0J/4Lj8NcrfAw5ieg\nFppbavVllfBZlLoGF+uj29ZMCBikJ82rmaNj60znFqE34B39YPyCyYw=\n-----END RSA PRIVATE KEY-----\n",
            "source": null
          },
          "sensitive_attributes": [
            [
              {
                "type": "get_attr",
                "value": "sensitive_content"
              }
            ]
          ],
          "dependencies": [
            "module.ec2.tls_private_key.key"
          ]
        }
      ]
    },
    {
      "module": "module.ec2",
      "mode": "managed",
      "type": "tls_private_key",
      "name": "key",
      "provider": "provider[\"registry.terraform.io/hashicorp/tls\"]",
      "instances": [
        {
          "schema_version": 1,
          "attributes": {
            "algorithm": "RSA",
            "ecdsa_curve": "P224",
            "id": "dd6b5a5c43dd8d57743bb539cccdab3e16d0162f",
            "private_key_openssh": "-----BEGIN OPENSSH PRIVATE KEY-----\nb3BlbnNzaC1rZXktdjEAAAAABG5vbmUAAAAEbm9uZQAAAAAAAAABAAABFwAAAAdz\nc2gtcnNhAAAAAwEAAQAAAQEAwiEHGNsq+rYi6NstYvx0QK0OaSpa7giLcVlhTVNn\nUUtgAUdL9fQmrI2RuDaFY45Q0UG6YZTMyMrPwO0RMrt8dwRLEXye/Ok143JUcYz8\nhCn8zDMKlhs9GmXpANvOfH1uDDqb6mss+oykHpvyLdZnjNjbK0hXvG3NqLepIqwh\nTj3spIWuXIWY2Ff7afdpY3+qqLoGknAkw/56Iz2XUfbzPX4OeS9y4yA/7PLneJEG\n8fygCV1XsBpkoSo/NaTnF04ehVxLHkEuvfcm5oEmbUx/t9v6cbcyc6YapNAH5sEI\nkhc7ydXhAI9ibhxzK3dItGUiMHc88a9/G0SPsQP3Z+6M0wAAA7g1ZhYlNWYWJQAA\nAAdzc2gtcnNhAAABAQDCIQcY2yr6tiLo2y1i/HRArQ5pKlruCItxWWFNU2dRS2AB\nR0v19CasjZG4NoVjjlDRQbphlMzIys/A7REyu3x3BEsRfJ786TXjclRxjPyEKfzM\nMwqWGz0aZekA2858fW4MOpvqayz6jKQem/It1meM2NsrSFe8bc2ot6kirCFOPeyk\nha5chZjYV/tp92ljf6qougaScCTD/nojPZdR9vM9fg55L3LjID/s8ud4kQbx/KAJ\nXVewGmShKj81pOcXTh6FXEseQS699ybmgSZtTH+32/pxtzJzphqk0AfmwQiSFzvJ\n1eEAj2JuHHMrd0i0ZSIwdzzxr38bRI+xA/dn7ozTAAAAAwEAAQAAAQEAsPamn5P7\nA/zQqfBS2W9FEkgvYNLJfT+wza0qs/CZuFO7uq6hoh3ku1t6QLECu5RaO8ds/dNF\nMq0e4cG58cNTXLM/MzulOuvkwefQ7ooVDu2vkv3cYqWF9/B6jNvSyU0V6nPq+bCl\nmehnG7gQ9pQCZTSx5izWPeDinzB9MCw1WDomIQ+E2fzAK4bdSzB21jAkk07t/NfJ\nb8YbGmvYnHPD9jkKs37STo4uEFnB6noYjx6FsPoviaL/dGhJGbppelhZt39Vi0jH\n/ntztfM5wauFPtshUhQ8unaS5gpWWI9Vlra+61A6OgA1Zu3JnNtR59osRgVnEIxc\nbTl4h8TGUDTxUQAAAIEAtbqn+FOIPWAwIPG6jcINjkjAM+568D3WhBSnfeTbB1bV\nQgROFp1AxRYM0oJ0YIayfCe2xlFyCMUafCDEaJllo9DgKEBTuzYf5nG0J/4Lj8Nc\nrfAw5iegFppbavVllfBZlLoGF+uj29ZMCBikJ82rmaNj60znFqE34B39YPyCyYwA\nAACBAMhTd60b9e9vH6vxZOUVLKdQFc3Wlx1AQMNlw9vAcKCDXQUL/+QHrbx4nq1Z\n4UeI53vDwBRKimm+P+lAxpd1ySpYVF1MMpd17HAW6fyLRrtdT4S5m2l4fzrCS0Jg\nV1nuvS0bxVYtiVsMqJzgy76+JHiQrf+UlkqQMynxKGQl9dz3AAAAgQD4FKmAsWXf\ndBLurdh708ZmFfEdyBHfyy8gvhR2hGbyKIRuC/e3Lr9XsVl4iRgIqchoyu7BRI5s\nlL1ACK9MZZAlbe2w8aDPWcjVkmU1kZyQZk4rxTs79KZrNSw7OWB1xCGdnPzmwXYc\nvcPy557VqnmERBHBhlLRhDq5VEMTtkWkBQAAAAAB\n-----END OPENSSH PRIVATE KEY-----\n",
            "private_key_pem": "-----BEGIN RSA PRIVATE KEY-----\nMIIEpQIBAAKCAQEAwiEHGNsq+rYi6NstYvx0QK0OaSpa7giLcVlhTVNnUUtgAUdL\n9fQmrI2RuDaFY45Q0UG6YZTMyMrPwO0RMrt8dwRLEXye/Ok143JUcYz8hCn8zDMK\nlhs9GmXpANvOfH1uDDqb6mss+oykHpvyLdZnjNjbK0hXvG3NqLepIqwhTj3spIWu\nXIWY2Ff7afdpY3+qqLoGknAkw/56Iz2XUfbzPX4OeS9y4yA/7PLneJEG8fygCV1X\nsBpkoSo/NaTnF04ehVxLHkEuvfcm5oEmbUx/t9v6cbcyc6YapNAH5sEIkhc7ydXh\nAI9ibhxzK3dItGUiMHc88a9/G0SPsQP3Z+6M0wIDAQABAoIBAQCw9qafk/sD/NCp\n8FLZb0USSC9g0sl9P7DNrSqz8Jm4U7u6rqGiHeS7W3pAsQK7lFo7x2z900UyrR7h\nwbnxw1Ncsz8zO6U66+TB59DuihUO7a+S/dxipYX38HqM29LJTRXqc+r5sKWZ6Gcb\nuBD2lAJlNLHmLNY94OKfMH0wLDVYOiYhD4TZ/MArht1LMHbWMCSTTu3818lvxhsa\na9icc8P2OQqzftJOji4QWcHqehiPHoWw+i+Jov90aEkZuml6WFm3f1WLSMf+e3O1\n8znBq4U+2yFSFDy6dpLmClZYj1WWtr7rUDo6ADVm7cmc21Hn2ixGBWcQjFxtOXiH\nxMZQNPFRAoGBAMhTd60b9e9vH6vxZOUVLKdQFc3Wlx1AQMNlw9vAcKCDXQUL/+QH\nrbx4nq1Z4UeI53vDwBRKimm+P+lAxpd1ySpYVF1MMpd17HAW6fyLRrtdT4S5m2l4\nfzrCS0JgV1nuvS0bxVYtiVsMqJzgy76+JHiQrf+UlkqQMynxKGQl9dz3AoGBAPgU\nqYCxZd90Eu6t2HvTxmYV8R3IEd/LLyC+FHaEZvIohG4L97cuv1exWXiJGAipyGjK\n7sFEjmyUvUAIr0xlkCVt7bDxoM9ZyNWSZTWRnJBmTivFOzv0pms1LDs5YHXEIZ2c\n/ObBdhy9w/LnntWqeYREEcGGUtGEOrlUQxO2RaQFAoGACdSOut/0YZuCYl2mJde0\nKUG00DUHlVfh1bTYt5/p5vaLSgQcuoPl8qm4n6kZdPky4s/oTRabVDURzdBv7l7J\nUFqlSS7EDMqsn5OAR/RNtEQP8uNozPQsyiVerBMuNiuQ/PWv6VqystUcMRaW6PVL\ntN7kqvYPqfkJibVb1g5G0mECgYEApSmccAGrQUmWETHMnyQvQmf5T0qUG9q6VaI3\nHXCo2TAAewOcuGh3G3sHhig/yATBWINC0YlDCSc9mBQwITy86y50wQkddu7fttDw\ncOmwwrJZ+OomtZP7+AQ+nm9kuQMLHlQWS8shR6FPg7iRFs+Yd2aaK62yFatjLV/c\nCJOhacECgYEAtbqn+FOIPWAwIPG6jcINjkjAM+568D3WhBSnfeTbB1bVQgROFp1A\nxRYM0oJ0YIayfCe2xlFyCMUafCDEaJllo9DgKEBTuzYf5nG0J/4Lj8NcrfAw5ieg\nFppbavVllfBZlLoGF+uj29ZMCBikJ82rmaNj60znFqE34B39YPyCyYw=\n-----END RSA PRIVATE KEY-----\n",
            "private_key_pem_pkcs8": "-----BEGIN PRIVATE KEY-----\nMIIEvwIBADANBgkqhkiG9w0BAQEFAASCBKkwggSlAgEAAoIBAQDCIQcY2yr6tiLo\n2y1i/HRArQ5pKlruCItxWWFNU2dRS2ABR0v19CasjZG4NoVjjlDRQbphlMzIys/A\n7REyu3x3BEsRfJ786TXjclRxjPyEKfzMMwqWGz0aZekA2858fW4MOpvqayz6jKQe\nm/It1meM2NsrSFe8bc2ot6kirCFOPeykha5chZjYV/tp92ljf6qougaScCTD/noj\nPZdR9vM9fg55L3LjID/s8ud4kQbx/KAJXVewGmShKj81pOcXTh6FXEseQS699ybm\ngSZtTH+32/pxtzJzphqk0AfmwQiSFzvJ1eEAj2JuHHMrd0i0ZSIwdzzxr38bRI+x\nA/dn7ozTAgMBAAECggEBALD2pp+T+wP80KnwUtlvRRJIL2DSyX0/sM2tKrPwmbhT\nu7quoaId5LtbekCxAruUWjvHbP3TRTKtHuHBufHDU1yzPzM7pTrr5MHn0O6KFQ7t\nr5L93GKlhffweozb0slNFepz6vmwpZnoZxu4EPaUAmU0seYs1j3g4p8wfTAsNVg6\nJiEPhNn8wCuG3UswdtYwJJNO7fzXyW/GGxpr2Jxzw/Y5CrN+0k6OLhBZwep6GI8e\nhbD6L4mi/3RoSRm6aXpYWbd/VYtIx/57c7XzOcGrhT7bIVIUPLp2kuYKVliPVZa2\nvutQOjoANWbtyZzbUefaLEYFZxCMXG05eIfExlA08VECgYEAyFN3rRv1728fq/Fk\n5RUsp1AVzdaXHUBAw2XD28BwoINdBQv/5AetvHierVnhR4jne8PAFEqKab4/6UDG\nl3XJKlhUXUwyl3XscBbp/ItGu11PhLmbaXh/OsJLQmBXWe69LRvFVi2JWwyonODL\nvr4keJCt/5SWSpAzKfEoZCX13PcCgYEA+BSpgLFl33QS7q3Ye9PGZhXxHcgR38sv\nIL4UdoRm8iiEbgv3ty6/V7FZeIkYCKnIaMruwUSObJS9QAivTGWQJW3tsPGgz1nI\n1ZJlNZGckGZOK8U7O/SmazUsOzlgdcQhnZz85sF2HL3D8uee1ap5hEQRwYZS0YQ6\nuVRDE7ZFpAUCgYAJ1I663/Rhm4JiXaYl17QpQbTQNQeVV+HVtNi3n+nm9otKBBy6\ng+XyqbifqRl0+TLiz+hNFptUNRHN0G/uXslQWqVJLsQMyqyfk4BH9E20RA/y42jM\n9CzKJV6sEy42K5D89a/pWrKy1RwxFpbo9Uu03uSq9g+p+QmJtVvWDkbSYQKBgQCl\nKZxwAatBSZYRMcyfJC9CZ/lPSpQb2rpVojcdcKjZMAB7A5y4aHcbeweGKD/IBMFY\ng0LRiUMJJz2YFDAhPLzrLnTBCR127t+20PBw6bDCsln46ia1k/v4BD6eb2S5Awse\nVBZLyyFHoU+DuJEWz5h3ZporrbIVq2MtX9wIk6FpwQKBgQC1uqf4U4g9YDAg8bqN\nwg2OSMAz7nrwPdaEFKd95NsHVtVCBE4WnUDFFgzSgnRghrJ8J7bGUXIIxRp8IMRo\nmWWj0OAoQFO7Nh/mcbQn/guPw1yt8DDmJ6AWmltq9WWV8FmUugYX66Pb1kwIGKQn\nzauZo2PrTOcWoTfgHf1g/ILJjA==\n-----END PRIVATE KEY-----\n",
            "public_key_fingerprint_md5": "0a:c5:db:ff:03:61:34:b0:0a:06:5e:74:a5:ff:85:6d",
            "public_key_fingerprint_sha256": "SHA256:+FhyI76RlZ5JGGWlE0cIyCwbFulE6/5jCNfYLlWbo+Y",
            "public_key_openssh": "ssh-rsa AAAAB3NzaC1yc2EAAAADAQABAAABAQDCIQcY2yr6tiLo2y1i/HRArQ5pKlruCItxWWFNU2dRS2ABR0v19CasjZG4NoVjjlDRQbphlMzIys/A7REyu3x3BEsRfJ786TXjclRxjPyEKfzMMwqWGz0aZekA2858fW4MOpvqayz6jKQem/It1meM2NsrSFe8bc2ot6kirCFOPeykha5chZjYV/tp92ljf6qougaScCTD/nojPZdR9vM9fg55L3LjID/s8ud4kQbx/KAJXVewGmShKj81pOcXTh6FXEseQS699ybmgSZtTH+32/pxtzJzphqk0AfmwQiSFzvJ1eEAj2JuHHMrd0i0ZSIwdzzxr38bRI+xA/dn7ozT\n",
            "public_key_pem": "-----BEGIN PUBLIC KEY-----\nMIIBIjANBgkqhkiG9w0BAQEFAAOCAQ8AMIIBCgKCAQEAwiEHGNsq+rYi6NstYvx0\nQK0OaSpa7giLcVlhTVNnUUtgAUdL9fQmrI2RuDaFY45Q0UG6YZTMyMrPwO0RMrt8\ndwRLEXye/Ok143JUcYz8hCn8zDMKlhs9GmXpANvOfH1uDDqb6mss+oykHpvyLdZn\njNjbK0hXvG3NqLepIqwhTj3spIWuXIWY2Ff7afdpY3+qqLoGknAkw/56Iz2XUfbz\nPX4OeS9y4yA/7PLneJEG8fygCV1XsBpkoSo/NaTnF04ehVxLHkEuvfcm5oEmbUx/\nt9v6cbcyc6YapNAH5sEIkhc7ydXhAI9ibhxzK3dItGUiMHc88a9/G0SPsQP3Z+6M\n0wIDAQAB\n-----END PUBLIC KEY-----\n",
            "rsa_bits": 2048
          },
          "sensitive_attributes": []
        }
      ]
    },
    {
      "module": "module.sg",
      "mode": "managed",
      "type": "aws_security_group",
      "name": "SG-Bastion",
      "provider": "provider[\"registry.terraform.io/hashicorp/aws\"]",
      "instances": [
        {
          "schema_version": 1,
          "attributes": {
            "arn": "arn:aws:ec2:eu-west-1:479263005543:security-group/sg-0369fd88c93149db0",
            "description": "Managed by Terraform",
            "egress": [
              {
                "cidr_blocks": [
                  "0.0.0.0/0"
                ],
                "description": "",
                "from_port": 0,
                "ipv6_cidr_blocks": [],
                "prefix_list_ids": [],
                "protocol": "-1",
                "security_groups": [],
                "self": false,
                "to_port": 0
              }
            ],
            "id": "sg-0369fd88c93149db0",
            "ingress": [
              {
                "cidr_blocks": [
                  "84.54.78.148/32",
                  "185.230.204.108/32"
                ],
                "description": "",
                "from_port": 22,
                "ipv6_cidr_blocks": [],
                "prefix_list_ids": [],
                "protocol": "tcp",
                "security_groups": [],
                "self": false,
                "to_port": 22
              }
            ],
            "name": "terraform-20230218224108751000000001",
            "name_prefix": "terraform-",
            "owner_id": "479263005543",
            "revoke_rules_on_delete": false,
            "tags": {
              "Name": "SG-Bastion"
            },
            "tags_all": {
              "Name": "SG-Bastion"
            },
            "timeouts": null,
            "vpc_id": "vpc-0c306b90370936e88"
          },
          "sensitive_attributes": [],
          "private": "eyJlMmJmYjczMC1lY2FhLTExZTYtOGY4OC0zNDM2M2JjN2M0YzAiOnsiY3JlYXRlIjo2MDAwMDAwMDAwMDAsImRlbGV0ZSI6OTAwMDAwMDAwMDAwfSwic2NoZW1hX3ZlcnNpb24iOiIxIn0=",
          "dependencies": [
            "module.vpc.aws_vpc.VPC"
          ]
        }
      ]
    },
    {
      "module": "module.sg",
      "mode": "managed",
      "type": "aws_security_group",
      "name": "SG-Database",
      "provider": "provider[\"registry.terraform.io/hashicorp/aws\"]",
      "instances": [
        {
          "schema_version": 1,
          "attributes": {
            "arn": "arn:aws:ec2:eu-west-1:479263005543:security-group/sg-04b46e6d2b040ef35",
            "description": "Managed by Terraform",
            "egress": [
              {
                "cidr_blocks": [
                  "0.0.0.0/0"
                ],
                "description": "",
                "from_port": 0,
                "ipv6_cidr_blocks": [],
                "prefix_list_ids": [],
                "protocol": "-1",
                "security_groups": [],
                "self": false,
                "to_port": 0
              }
            ],
            "id": "sg-04b46e6d2b040ef35",
            "ingress": [
              {
                "cidr_blocks": [
                  "10.0.2.0/24"
                ],
                "description": "",
                "from_port": 22,
                "ipv6_cidr_blocks": [],
                "prefix_list_ids": [],
                "protocol": "tcp",
                "security_groups": [],
                "self": false,
                "to_port": 22
              }
            ],
            "name": "terraform-20230218224109607800000004",
            "name_prefix": "terraform-",
            "owner_id": "479263005543",
            "revoke_rules_on_delete": false,
            "tags": {
              "Name": "SG-Database"
            },
            "tags_all": {
              "Name": "SG-Database"
            },
            "timeouts": null,
            "vpc_id": "vpc-0c306b90370936e88"
          },
          "sensitive_attributes": [],
          "private": "eyJlMmJmYjczMC1lY2FhLTExZTYtOGY4OC0zNDM2M2JjN2M0YzAiOnsiY3JlYXRlIjo2MDAwMDAwMDAwMDAsImRlbGV0ZSI6OTAwMDAwMDAwMDAwfSwic2NoZW1hX3ZlcnNpb24iOiIxIn0=",
          "dependencies": [
            "module.vpc.aws_subnet.private",
            "module.vpc.aws_vpc.VPC"
          ]
        }
      ]
    },
    {
      "module": "module.sg",
      "mode": "managed",
      "type": "aws_security_group",
      "name": "SG-Private",
      "provider": "provider[\"registry.terraform.io/hashicorp/aws\"]",
      "instances": [
        {
          "schema_version": 1,
          "attributes": {
            "arn": "arn:aws:ec2:eu-west-1:479263005543:security-group/sg-08c5fdf7e2ab24b8d",
            "description": "Managed by Terraform",
            "egress": [
              {
                "cidr_blocks": [
                  "0.0.0.0/0"
                ],
                "description": "",
                "from_port": 0,
                "ipv6_cidr_blocks": [],
                "prefix_list_ids": [],
                "protocol": "-1",
                "security_groups": [],
                "self": false,
                "to_port": 0
              }
            ],
            "id": "sg-08c5fdf7e2ab24b8d",
            "ingress": [
              {
                "cidr_blocks": [
                  "10.0.0.0/16"
                ],
                "description": "",
                "from_port": 22,
                "ipv6_cidr_blocks": [],
                "prefix_list_ids": [],
                "protocol": "tcp",
                "security_groups": [],
                "self": false,
                "to_port": 22
              }
            ],
            "name": "terraform-20230218224108752200000003",
            "name_prefix": "terraform-",
            "owner_id": "479263005543",
            "revoke_rules_on_delete": false,
            "tags": {
              "Name": "SG-Private"
            },
            "tags_all": {
              "Name": "SG-Private"
            },
            "timeouts": null,
            "vpc_id": "vpc-0c306b90370936e88"
          },
          "sensitive_attributes": [],
          "private": "eyJlMmJmYjczMC1lY2FhLTExZTYtOGY4OC0zNDM2M2JjN2M0YzAiOnsiY3JlYXRlIjo2MDAwMDAwMDAwMDAsImRlbGV0ZSI6OTAwMDAwMDAwMDAwfSwic2NoZW1hX3ZlcnNpb24iOiIxIn0=",
          "dependencies": [
            "module.vpc.aws_vpc.VPC"
          ]
        }
      ]
    },
    {
      "module": "module.sg",
      "mode": "managed",
      "type": "aws_security_group",
      "name": "SG-Public",
      "provider": "provider[\"registry.terraform.io/hashicorp/aws\"]",
      "instances": [
        {
          "schema_version": 1,
          "attributes": {
            "arn": "arn:aws:ec2:eu-west-1:479263005543:security-group/sg-09bb4258156647e56",
            "description": "Managed by Terraform",
            "egress": [
              {
                "cidr_blocks": [
                  "0.0.0.0/0"
                ],
                "description": "",
                "from_port": 0,
                "ipv6_cidr_blocks": [],
                "prefix_list_ids": [],
                "protocol": "-1",
                "security_groups": [],
                "self": false,
                "to_port": 0
              }
            ],
            "id": "sg-09bb4258156647e56",
            "ingress": [
              {
                "cidr_blocks": [
                  "0.0.0.0/0"
                ],
                "description": "",
                "from_port": 22,
                "ipv6_cidr_blocks": [],
                "prefix_list_ids": [],
                "protocol": "tcp",
                "security_groups": [],
                "self": false,
                "to_port": 22
              },
              {
                "cidr_blocks": [
                  "0.0.0.0/0"
                ],
                "description": "",
                "from_port": 80,
                "ipv6_cidr_blocks": [],
                "prefix_list_ids": [],
                "protocol": "tcp",
                "security_groups": [],
                "self": false,
                "to_port": 80
              }
            ],
            "name": "terraform-20230218224108752100000002",
            "name_prefix": "terraform-",
            "owner_id": "479263005543",
            "revoke_rules_on_delete": false,
            "tags": {
              "Name": "SG-Public"
            },
            "tags_all": {
              "Name": "SG-Public"
            },
            "timeouts": null,
            "vpc_id": "vpc-0c306b90370936e88"
          },
          "sensitive_attributes": [],
          "private": "eyJlMmJmYjczMC1lY2FhLTExZTYtOGY4OC0zNDM2M2JjN2M0YzAiOnsiY3JlYXRlIjo2MDAwMDAwMDAwMDAsImRlbGV0ZSI6OTAwMDAwMDAwMDAwfSwic2NoZW1hX3ZlcnNpb24iOiIxIn0=",
          "dependencies": [
            "module.vpc.aws_vpc.VPC"
          ]
        }
      ]
    },
    {
      "module": "module.vpc",
      "mode": "managed",
      "type": "aws_eip",
      "name": "nat_gateway",
      "provider": "provider[\"registry.terraform.io/hashicorp/aws\"]",
      "instances": [
        {
          "schema_version": 0,
          "attributes": {
            "address": null,
            "allocation_id": "eipalloc-06855886f4eeff67c",
            "associate_with_private_ip": null,
            "association_id": "",
            "carrier_ip": "",
            "customer_owned_ip": "",
            "customer_owned_ipv4_pool": "",
            "domain": "vpc",
            "id": "eipalloc-06855886f4eeff67c",
            "instance": "",
            "network_border_group": "eu-west-1",
            "network_interface": "",
            "private_dns": null,
            "private_ip": "",
            "public_dns": "ec2-54-72-39-62.eu-west-1.compute.amazonaws.com",
            "public_ip": "54.72.39.62",
            "public_ipv4_pool": "amazon",
            "tags": null,
            "tags_all": {},
            "timeouts": null,
            "vpc": true
          },
          "sensitive_attributes": [],
          "private": "eyJlMmJmYjczMC1lY2FhLTExZTYtOGY4OC0zNDM2M2JjN2M0YzAiOnsiZGVsZXRlIjoxODAwMDAwMDAwMDAsInJlYWQiOjkwMDAwMDAwMDAwMCwidXBkYXRlIjozMDAwMDAwMDAwMDB9fQ=="
        }
      ]
    },
    {
      "module": "module.vpc",
      "mode": "managed",
      "type": "aws_internet_gateway",
      "name": "igw",
      "provider": "provider[\"registry.terraform.io/hashicorp/aws\"]",
      "instances": [
        {
          "schema_version": 0,
          "attributes": {
            "arn": "arn:aws:ec2:eu-west-1:479263005543:internet-gateway/igw-0c51c4b4b9f6740a9",
            "id": "igw-0c51c4b4b9f6740a9",
            "owner_id": "479263005543",
            "tags": {
              "Name": "igw"
            },
            "tags_all": {
              "Name": "igw"
            },
            "timeouts": null,
            "vpc_id": "vpc-0c306b90370936e88"
          },
          "sensitive_attributes": [],
          "private": "eyJlMmJmYjczMC1lY2FhLTExZTYtOGY4OC0zNDM2M2JjN2M0YzAiOnsiY3JlYXRlIjoxMjAwMDAwMDAwMDAwLCJkZWxldGUiOjEyMDAwMDAwMDAwMDAsInVwZGF0ZSI6MTIwMDAwMDAwMDAwMH19",
          "dependencies": [
            "module.vpc.aws_vpc.VPC"
          ]
        }
      ]
    },
    {
      "module": "module.vpc",
      "mode": "managed",
      "type": "aws_nat_gateway",
      "name": "nat_gateway",
      "provider": "provider[\"registry.terraform.io/hashicorp/aws\"]",
      "instances": [
        {
          "schema_version": 0,
          "attributes": {
            "allocation_id": "eipalloc-06855886f4eeff67c",
            "connectivity_type": "public",
            "id": "nat-0681bf8e43a72283d",
            "network_interface_id": "eni-0af4b84f99f9c523b",
            "private_ip": "10.0.1.252",
            "public_ip": "54.72.39.62",
            "subnet_id": "subnet-00a95321bdc9e5570",
            "tags": {
              "Name": "NatGateway"
            },
            "tags_all": {
              "Name": "NatGateway"
            }
          },
          "sensitive_attributes": [],
          "private": "bnVsbA==",
          "dependencies": [
            "module.vpc.aws_eip.nat_gateway",
            "module.vpc.aws_subnet.public",
            "module.vpc.aws_vpc.VPC"
          ]
        }
      ]
    },
    {
      "module": "module.vpc",
      "mode": "managed",
      "type": "aws_route_table",
      "name": "private_sub_route_table",
      "provider": "provider[\"registry.terraform.io/hashicorp/aws\"]",
      "instances": [
        {
          "schema_version": 0,
          "attributes": {
            "arn": "arn:aws:ec2:eu-west-1:479263005543:route-table/rtb-047f68ce80b4ac31c",
            "id": "rtb-047f68ce80b4ac31c",
            "owner_id": "479263005543",
            "propagating_vgws": [],
            "route": [
              {
                "carrier_gateway_id": "",
                "cidr_block": "0.0.0.0/0",
                "core_network_arn": "",
                "destination_prefix_list_id": "",
                "egress_only_gateway_id": "",
                "gateway_id": "",
                "instance_id": "",
                "ipv6_cidr_block": "",
                "local_gateway_id": "",
                "nat_gateway_id": "nat-0681bf8e43a72283d",
                "network_interface_id": "",
                "transit_gateway_id": "",
                "vpc_endpoint_id": "",
                "vpc_peering_connection_id": ""
              }
            ],
            "tags": null,
            "tags_all": {},
            "timeouts": null,
            "vpc_id": "vpc-0c306b90370936e88"
          },
          "sensitive_attributes": [],
          "private": "eyJlMmJmYjczMC1lY2FhLTExZTYtOGY4OC0zNDM2M2JjN2M0YzAiOnsiY3JlYXRlIjozMDAwMDAwMDAwMDAsImRlbGV0ZSI6MzAwMDAwMDAwMDAwLCJ1cGRhdGUiOjEyMDAwMDAwMDAwMH19",
          "dependencies": [
            "module.vpc.aws_eip.nat_gateway",
            "module.vpc.aws_nat_gateway.nat_gateway",
            "module.vpc.aws_subnet.public",
            "module.vpc.aws_vpc.VPC"
          ]
        }
      ]
    },
    {
      "module": "module.vpc",
      "mode": "managed",
      "type": "aws_route_table",
      "name": "public-crt",
      "provider": "provider[\"registry.terraform.io/hashicorp/aws\"]",
      "instances": [
        {
          "schema_version": 0,
          "attributes": {
            "arn": "arn:aws:ec2:eu-west-1:479263005543:route-table/rtb-04249f3cf7e7a8e97",
            "id": "rtb-04249f3cf7e7a8e97",
            "owner_id": "479263005543",
            "propagating_vgws": [],
            "route": [
              {
                "carrier_gateway_id": "",
                "cidr_block": "0.0.0.0/0",
                "core_network_arn": "",
                "destination_prefix_list_id": "",
                "egress_only_gateway_id": "",
                "gateway_id": "igw-0c51c4b4b9f6740a9",
                "instance_id": "",
                "ipv6_cidr_block": "",
                "local_gateway_id": "",
                "nat_gateway_id": "",
                "network_interface_id": "",
                "transit_gateway_id": "",
                "vpc_endpoint_id": "",
                "vpc_peering_connection_id": ""
              }
            ],
            "tags": {
              "Name": "public-crt"
            },
            "tags_all": {
              "Name": "public-crt"
            },
            "timeouts": null,
            "vpc_id": "vpc-0c306b90370936e88"
          },
          "sensitive_attributes": [],
          "private": "eyJlMmJmYjczMC1lY2FhLTExZTYtOGY4OC0zNDM2M2JjN2M0YzAiOnsiY3JlYXRlIjozMDAwMDAwMDAwMDAsImRlbGV0ZSI6MzAwMDAwMDAwMDAwLCJ1cGRhdGUiOjEyMDAwMDAwMDAwMH19",
          "dependencies": [
            "module.vpc.aws_internet_gateway.igw",
            "module.vpc.aws_vpc.VPC"
          ]
        }
      ]
    },
    {
      "module": "module.vpc",
      "mode": "managed",
      "type": "aws_route_table_association",
      "name": "crta-public-subnet",
      "provider": "provider[\"registry.terraform.io/hashicorp/aws\"]",
      "instances": [
        {
          "schema_version": 0,
          "attributes": {
            "gateway_id": "",
            "id": "rtbassoc-008ab9ab93388cf7c",
            "route_table_id": "rtb-04249f3cf7e7a8e97",
            "subnet_id": "subnet-00a95321bdc9e5570"
          },
          "sensitive_attributes": [],
          "private": "bnVsbA==",
          "dependencies": [
            "module.vpc.aws_internet_gateway.igw",
            "module.vpc.aws_route_table.public-crt",
            "module.vpc.aws_subnet.public",
            "module.vpc.aws_vpc.VPC"
          ]
        }
      ]
    },
    {
      "module": "module.vpc",
      "mode": "managed",
      "type": "aws_route_table_association",
      "name": "private_sub_route_association",
      "provider": "provider[\"registry.terraform.io/hashicorp/aws\"]",
      "instances": [
        {
          "schema_version": 0,
          "attributes": {
            "gateway_id": "",
            "id": "rtbassoc-02eca933536b4b4fe",
            "route_table_id": "rtb-047f68ce80b4ac31c",
            "subnet_id": "subnet-0a6cf612b5c17e2dc"
          },
          "sensitive_attributes": [],
          "private": "bnVsbA==",
          "dependencies": [
            "module.vpc.aws_eip.nat_gateway",
            "module.vpc.aws_nat_gateway.nat_gateway",
            "module.vpc.aws_route_table.private_sub_route_table",
            "module.vpc.aws_subnet.private",
            "module.vpc.aws_subnet.public",
            "module.vpc.aws_vpc.VPC"
          ]
        }
      ]
    },
    {
      "module": "module.vpc",
      "mode": "managed",
      "type": "aws_subnet",
      "name": "database",
      "provider": "provider[\"registry.terraform.io/hashicorp/aws\"]",
      "instances": [
        {
          "schema_version": 1,
          "attributes": {
            "arn": "arn:aws:ec2:eu-west-1:479263005543:subnet/subnet-058e52a9c9b3c8fc2",
            "assign_ipv6_address_on_creation": false,
            "availability_zone": "eu-west-1a",
            "availability_zone_id": "euw1-az3",
            "cidr_block": "10.0.3.0/24",
            "customer_owned_ipv4_pool": "",
            "enable_dns64": false,
            "enable_resource_name_dns_a_record_on_launch": false,
            "enable_resource_name_dns_aaaa_record_on_launch": false,
            "id": "subnet-058e52a9c9b3c8fc2",
            "ipv6_cidr_block": "",
            "ipv6_cidr_block_association_id": "",
            "ipv6_native": false,
            "map_customer_owned_ip_on_launch": false,
            "map_public_ip_on_launch": false,
            "outpost_arn": "",
            "owner_id": "479263005543",
            "private_dns_hostname_type_on_launch": "ip-name",
            "tags": {
              "Name": "database"
            },
            "tags_all": {
              "Name": "database"
            },
            "timeouts": null,
            "vpc_id": "vpc-0c306b90370936e88"
          },
          "sensitive_attributes": [],
          "private": "eyJlMmJmYjczMC1lY2FhLTExZTYtOGY4OC0zNDM2M2JjN2M0YzAiOnsiY3JlYXRlIjo2MDAwMDAwMDAwMDAsImRlbGV0ZSI6MTIwMDAwMDAwMDAwMH0sInNjaGVtYV92ZXJzaW9uIjoiMSJ9",
          "dependencies": [
            "module.vpc.aws_vpc.VPC"
          ]
        }
      ]
    },
    {
      "module": "module.vpc",
      "mode": "managed",
      "type": "aws_subnet",
      "name": "private",
      "provider": "provider[\"registry.terraform.io/hashicorp/aws\"]",
      "instances": [
        {
          "schema_version": 1,
          "attributes": {
            "arn": "arn:aws:ec2:eu-west-1:479263005543:subnet/subnet-0a6cf612b5c17e2dc",
            "assign_ipv6_address_on_creation": false,
            "availability_zone": "eu-west-1a",
            "availability_zone_id": "euw1-az3",
            "cidr_block": "10.0.2.0/24",
            "customer_owned_ipv4_pool": "",
            "enable_dns64": false,
            "enable_resource_name_dns_a_record_on_launch": false,
            "enable_resource_name_dns_aaaa_record_on_launch": false,
            "id": "subnet-0a6cf612b5c17e2dc",
            "ipv6_cidr_block": "",
            "ipv6_cidr_block_association_id": "",
            "ipv6_native": false,
            "map_customer_owned_ip_on_launch": false,
            "map_public_ip_on_launch": false,
            "outpost_arn": "",
            "owner_id": "479263005543",
            "private_dns_hostname_type_on_launch": "ip-name",
            "tags": {
              "Name": "private"
            },
            "tags_all": {
              "Name": "private"
            },
            "timeouts": null,
            "vpc_id": "vpc-0c306b90370936e88"
          },
          "sensitive_attributes": [],
          "private": "eyJlMmJmYjczMC1lY2FhLTExZTYtOGY4OC0zNDM2M2JjN2M0YzAiOnsiY3JlYXRlIjo2MDAwMDAwMDAwMDAsImRlbGV0ZSI6MTIwMDAwMDAwMDAwMH0sInNjaGVtYV92ZXJzaW9uIjoiMSJ9",
          "dependencies": [
            "module.vpc.aws_vpc.VPC"
          ]
        }
      ]
    },
    {
      "module": "module.vpc",
      "mode": "managed",
      "type": "aws_subnet",
      "name": "public",
      "provider": "provider[\"registry.terraform.io/hashicorp/aws\"]",
      "instances": [
        {
          "schema_version": 1,
          "attributes": {
            "arn": "arn:aws:ec2:eu-west-1:479263005543:subnet/subnet-00a95321bdc9e5570",
            "assign_ipv6_address_on_creation": false,
            "availability_zone": "eu-west-1a",
            "availability_zone_id": "euw1-az3",
            "cidr_block": "10.0.1.0/24",
            "customer_owned_ipv4_pool": "",
            "enable_dns64": false,
            "enable_resource_name_dns_a_record_on_launch": false,
            "enable_resource_name_dns_aaaa_record_on_launch": false,
            "id": "subnet-00a95321bdc9e5570",
            "ipv6_cidr_block": "",
            "ipv6_cidr_block_association_id": "",
            "ipv6_native": false,
            "map_customer_owned_ip_on_launch": false,
            "map_public_ip_on_launch": true,
            "outpost_arn": "",
            "owner_id": "479263005543",
            "private_dns_hostname_type_on_launch": "ip-name",
            "tags": {
              "Name": "public"
            },
            "tags_all": {
              "Name": "public"
            },
            "timeouts": null,
            "vpc_id": "vpc-0c306b90370936e88"
          },
          "sensitive_attributes": [],
          "private": "eyJlMmJmYjczMC1lY2FhLTExZTYtOGY4OC0zNDM2M2JjN2M0YzAiOnsiY3JlYXRlIjo2MDAwMDAwMDAwMDAsImRlbGV0ZSI6MTIwMDAwMDAwMDAwMH0sInNjaGVtYV92ZXJzaW9uIjoiMSJ9",
          "dependencies": [
            "module.vpc.aws_vpc.VPC"
          ]
        }
      ]
    },
    {
      "module": "module.vpc",
      "mode": "managed",
      "type": "aws_vpc",
      "name": "VPC",
      "provider": "provider[\"registry.terraform.io/hashicorp/aws\"]",
      "instances": [
        {
          "schema_version": 1,
          "attributes": {
            "arn": "arn:aws:ec2:eu-west-1:479263005543:vpc/vpc-0c306b90370936e88",
            "assign_generated_ipv6_cidr_block": false,
            "cidr_block": "10.0.0.0/16",
            "default_network_acl_id": "acl-0d1f6dd376c76922b",
            "default_route_table_id": "rtb-0fb9bef0356573472",
            "default_security_group_id": "sg-0881a32c026bcb074",
            "dhcp_options_id": "dopt-00cda2b8df0bb33f7",
            "enable_classiclink": false,
            "enable_classiclink_dns_support": false,
            "enable_dns_hostnames": true,
            "enable_dns_support": true,
            "enable_network_address_usage_metrics": false,
            "id": "vpc-0c306b90370936e88",
            "instance_tenancy": "default",
            "ipv4_ipam_pool_id": null,
            "ipv4_netmask_length": null,
            "ipv6_association_id": "",
            "ipv6_cidr_block": "",
            "ipv6_cidr_block_network_border_group": "",
            "ipv6_ipam_pool_id": "",
            "ipv6_netmask_length": 0,
            "main_route_table_id": "rtb-0fb9bef0356573472",
            "owner_id": "479263005543",
            "tags": {
              "Name": "VPC"
            },
            "tags_all": {
              "Name": "VPC"
            }
          },
          "sensitive_attributes": [],
          "private": "eyJzY2hlbWFfdmVyc2lvbiI6IjEifQ=="
        }
      ]
    }
  ],
  "check_results": null
}
